
Microsoft Visual Studio Solution File, Format Version 12.00
# Visual Studio Version 17
VisualStudioVersion = 17.9.34728.123
MinimumVisualStudioVersion = 10.0.40219.1
Project("{9A19103F-16F7-4668-BE54-9A1E7A4F7556}") = "LocalFriendzApi", "src\LocalFriendzApi\LocalFriendzApi.csproj", "{FBE4EB51-E136-4B39-8509-A39E1EDE6180}"
EndProject
Project("{9A19103F-16F7-4668-BE54-9A1E7A4F7556}") = "LocalFriendzApi.Application", "src\LocalFriendzApi.Application\LocalFriendzApi.Application.csproj", "{D36B1435-5547-48A9-8472-BED451E9D5F7}"
EndProject
Project("{9A19103F-16F7-4668-BE54-9A1E7A4F7556}") = "LocalFriendzApi.Core", "src\LocalFriendzApi.Core\LocalFriendzApi.Core.csproj", "{B77E5485-3DF0-4BD3-B4B8-EB14770AB0C9}"
EndProject
Project("{9A19103F-16F7-4668-BE54-9A1E7A4F7556}") = "LocalFriendzApi.Infrastructure", "src\LocalFriendzApi.Infrastructure\LocalFriendzApi.Infrastructure.csproj", "{D7DA3E3A-2AE9-45E7-8A9D-893DAE09E066}"
EndProject
Project("{9A19103F-16F7-4668-BE54-9A1E7A4F7556}") = "LocalFriendzApi.IntegrationTests", "src\LocalFriendzApi.Test\LocalFriendzApi.IntegrationTests.csproj", "{72AEB406-CFDB-4718-A6CD-F605119EF340}"
EndProject
Global
	GlobalSection(SolutionConfigurationPlatforms) = preSolution
		Debug|Any CPU = Debug|Any CPU
		Release|Any CPU = Release|Any CPU
	EndGlobalSection
	GlobalSection(ProjectConfigurationPlatforms) = postSolution
		{FBE4EB51-E136-4B39-8509-A39E1EDE6180}.Debug|Any CPU.ActiveCfg = Debug|Any CPU
		{FBE4EB51-E136-4B39-8509-A39E1EDE6180}.Debug|Any CPU.Build.0 = Debug|Any CPU
		{FBE4EB51-E136-4B39-8509-A39E1EDE6180}.Release|Any CPU.ActiveCfg = Release|Any CPU
		{FBE4EB51-E136-4B39-8509-A39E1EDE6180}.Release|Any CPU.Build.0 = Release|Any CPU
		{D36B1435-5547-48A9-8472-BED451E9D5F7}.Debug|Any CPU.ActiveCfg = Debug|Any CPU
		{D36B1435-5547-48A9-8472-BED451E9D5F7}.Debug|Any CPU.Build.0 = Debug|Any CPU
		{D36B1435-5547-48A9-8472-BED451E9D5F7}.Release|Any CPU.ActiveCfg = Release|Any CPU
		{D36B1435-5547-48A9-8472-BED451E9D5F7}.Release|Any CPU.Build.0 = Release|Any CPU
		{B77E5485-3DF0-4BD3-B4B8-EB14770AB0C9}.Debug|Any CPU.ActiveCfg = Debug|Any CPU
		{B77E5485-3DF0-4BD3-B4B8-EB14770AB0C9}.Debug|Any CPU.Build.0 = Debug|Any CPU
		{B77E5485-3DF0-4BD3-B4B8-EB14770AB0C9}.Release|Any CPU.ActiveCfg = Release|Any CPU
		{B77E5485-3DF0-4BD3-B4B8-EB14770AB0C9}.Release|Any CPU.Build.0 = Release|Any CPU
		{D7DA3E3A-2AE9-45E7-8A9D-893DAE09E066}.Debug|Any CPU.ActiveCfg = Debug|Any CPU
		{D7DA3E3A-2AE9-45E7-8A9D-893DAE09E066}.Debug|Any CPU.Build.0 = Debug|Any CPU
		{D7DA3E3A-2AE9-45E7-8A9D-893DAE09E066}.Release|Any CPU.ActiveCfg = Release|Any CPU
		{D7DA3E3A-2AE9-45E7-8A9D-893DAE09E066}.Release|Any CPU.Build.0 = Release|Any CPU
		{72AEB406-CFDB-4718-A6CD-F605119EF340}.Debug|Any CPU.ActiveCfg = Debug|Any CPU
		{72AEB406-CFDB-4718-A6CD-F605119EF340}.Debug|Any CPU.Build.0 = Debug|Any CPU
		{72AEB406-CFDB-4718-A6CD-F605119EF340}.Release|Any CPU.ActiveCfg = Release|Any CPU
		{72AEB406-CFDB-4718-A6CD-F605119EF340}.Release|Any CPU.Build.0 = Release|Any CPU
	EndGlobalSection
	GlobalSection(SolutionProperties) = preSolution
		HideSolutionNode = FALSE
	EndGlobalSection
	GlobalSection(ExtensibilityGlobals) = postSolution
		SolutionGuid = {89D479B3-30DB-41C0-9AA9-89BCE0F8DC37}
	EndGlobalSection
EndGlobal
